<?xml version="1.0" encoding="utf-8"?>
<Project ToolsVersion="4.0" xmlns="http://schemas.microsoft.com/developer/msbuild/2003">
  <ItemGroup>
    <Filter Include="Source Files">
      <UniqueIdentifier>{9056b3bb-8f8d-40d5-b5a1-578823ccd16f}</UniqueIdentifier>
      <Extensions>cpp;c;cxx;rc;def;r;odl;idl;hpj;bat</Extensions>
    </Filter>
    <Filter Include="Header Files">
      <UniqueIdentifier>{ce2b69f2-b484-4c06-a976-54712b36db30}</UniqueIdentifier>
      <Extensions>h;hpp;hxx;hm;inl</Extensions>
    </Filter>
    <Filter Include="Resource Files">
      <UniqueIdentifier>{ae97e927-a75b-4c63-bcba-350cfb3892d1}</UniqueIdentifier>
      <Extensions>ico;cur;bmp;dlg;rc2;rct;bin;rgs;gif;jpg;jpeg;jpe</Extensions>
    </Filter>
  </ItemGroup>
  <ItemGroup>
    <ClCompile Include="CCompress.cpp">
      <Filter>Source Files</Filter>
    </ClCompile>
    <ClCompile Include="CEncode.cpp">
      <Filter>Source Files</Filter>
    </ClCompile>
    <ClCompile Include="CMatch.cpp">
      <Filter>Source Files</Filter>
    </ClCompile>
    <ClCompile Include="CNode.cpp">
      <Filter>Source Files</Filter>
    </ClCompile>
    <ClCompile Include="main.cpp">
      <Filter>Source Files</Filter>
    </ClCompile>
  </ItemGroup>
  <ItemGroup>
    <ClInclude Include="CCompress.h">
      <Filter>Header Files</Filter>
    </ClInclude>
    <ClInclude Include="CEncode.h">
      <Filter>Header Files</Filter>
    </ClInclude>
    <ClInclude Include="CMatch.h">
      <Filter>Header Files</Filter>
    </ClInclude>
    <ClInclude Include="CNode.h">
      <Filter>Header Files</Filter>
    </ClInclude>
  </ItemGroup>
</Project>